
Microsoft Visual Studio Solution File, Format Version 12.00
# Visual Studio Version 17
VisualStudioVersion = 17.9.34622.214
MinimumVisualStudioVersion = 10.0.40219.1
Project("{FAE04EC0-301F-11D3-BF4B-00C04F79EFBC}") = "DiaristaAPI", "DiaristaAPI\DiaristaAPI.csproj", "{B831F79E-ACE0-4335-B6C2-724A5585468D}"
EndProject
Global
	GlobalSection(SolutionConfigurationPlatforms) = preSolution
		Debug|Any CPU = Debug|Any CPU
		Release|Any CPU = Release|Any CPU
	EndGlobalSection
	GlobalSection(ProjectConfigurationPlatforms) = postSolution
		{B831F79E-ACE0-4335-B6C2-724A5585468D}.Debug|Any CPU.ActiveCfg = Debug|Any CPU
		{B831F79E-ACE0-4335-B6C2-724A5585468D}.Debug|Any CPU.Build.0 = Debug|Any CPU
		{B831F79E-ACE0-4335-B6C2-724A5585468D}.Release|Any CPU.ActiveCfg = Release|Any CPU
		{B831F79E-ACE0-4335-B6C2-724A5585468D}.Release|Any CPU.Build.0 = Release|Any CPU
	EndGlobalSection
	GlobalSection(SolutionProperties) = preSolution
		HideSolutionNode = FALSE
	EndGlobalSection
	GlobalSection(ExtensibilityGlobals) = postSolution
		SolutionGuid = {11EB565C-46C0-4071-AA6C-CE7387AAF7A2}
	EndGlobalSection
EndGlobal
