
Microsoft Visual Studio Solution File, Format Version 12.00
# Visual Studio Version 17
VisualStudioVersion = 17.9.34723.18
MinimumVisualStudioVersion = 10.0.40219.1
Project("{FAE04EC0-301F-11D3-BF4B-00C04F79EFBC}") = "WebAPIDiarista", "WebAPIDiarista.csproj", "{6EE455A9-3174-4A55-BF19-D52451AD8D97}"
EndProject
Global
	GlobalSection(SolutionConfigurationPlatforms) = preSolution
		Debug|Any CPU = Debug|Any CPU
		Release|Any CPU = Release|Any CPU
	EndGlobalSection
	GlobalSection(ProjectConfigurationPlatforms) = postSolution
		{6EE455A9-3174-4A55-BF19-D52451AD8D97}.Debug|Any CPU.ActiveCfg = Debug|Any CPU
		{6EE455A9-3174-4A55-BF19-D52451AD8D97}.Debug|Any CPU.Build.0 = Debug|Any CPU
		{6EE455A9-3174-4A55-BF19-D52451AD8D97}.Release|Any CPU.ActiveCfg = Release|Any CPU
		{6EE455A9-3174-4A55-BF19-D52451AD8D97}.Release|Any CPU.Build.0 = Release|Any CPU
	EndGlobalSection
	GlobalSection(SolutionProperties) = preSolution
		HideSolutionNode = FALSE
	EndGlobalSection
	GlobalSection(ExtensibilityGlobals) = postSolution
		SolutionGuid = {86059211-226F-4ABA-AC26-954F93093CAF}
	EndGlobalSection
EndGlobal
